Microsoft Visual Studio Solution File, Format Version 12.00
# Visual Studio 15
VisualStudioVersion = 15.0.26430.6
MinimumVisualStudioVersion = 15.0.26124.0
Project("{FAE04EC0-301F-11D3-BF4B-00C04F79EFBC}") = "CStoJS", "CStoJS\CStoJS.csproj", "{61D857B8-3745-4367-AEE3-E332290593D5}"
EndProject
Project("{FAE04EC0-301F-11D3-BF4B-00C04F79EFBC}") = "CStoJS.Tests", "CStoJS.Tests\CStoJS.Tests.csproj", "{C491F611-619B-4387-A02A-AA9AD932DD99}"
EndProject
Project("{FAE04EC0-301F-11D3-BF4B-00C04F79EFBC}") = "Main", "Main\Main.csproj", "{DD5AE0AA-D6D7-4D34-AC10-73BC5B948D0E}"
EndProject
Global
	GlobalSection(SolutionConfigurationPlatforms) = preSolution
		Debug|Any CPU = Debug|Any CPU
		Debug|x64 = Debug|x64
		Debug|x86 = Debug|x86
		Release|Any CPU = Release|Any CPU
		Release|x64 = Release|x64
		Release|x86 = Release|x86
	EndGlobalSection
	GlobalSection(ProjectConfigurationPlatforms) = postSolution
		{61D857B8-3745-4367-AEE3-E332290593D5}.Debug|Any CPU.ActiveCfg = Debug|Any CPU
		{61D857B8-3745-4367-AEE3-E332290593D5}.Debug|Any CPU.Build.0 = Debug|Any CPU
		{61D857B8-3745-4367-AEE3-E332290593D5}.Debug|x64.ActiveCfg = Debug|Any CPU
		{61D857B8-3745-4367-AEE3-E332290593D5}.Debug|x64.Build.0 = Debug|Any CPU
		{61D857B8-3745-4367-AEE3-E332290593D5}.Debug|x86.ActiveCfg = Debug|Any CPU
		{61D857B8-3745-4367-AEE3-E332290593D5}.Debug|x86.Build.0 = Debug|Any CPU
		{61D857B8-3745-4367-AEE3-E332290593D5}.Release|Any CPU.ActiveCfg = Release|Any CPU
		{61D857B8-3745-4367-AEE3-E332290593D5}.Release|Any CPU.Build.0 = Release|Any CPU
		{61D857B8-3745-4367-AEE3-E332290593D5}.Release|x64.ActiveCfg = Release|Any CPU
		{61D857B8-3745-4367-AEE3-E332290593D5}.Release|x64.Build.0 = Release|Any CPU
		{61D857B8-3745-4367-AEE3-E332290593D5}.Release|x86.ActiveCfg = Release|Any CPU
		{61D857B8-3745-4367-AEE3-E332290593D5}.Release|x86.Build.0 = Release|Any CPU
		{C491F611-619B-4387-A02A-AA9AD932DD99}.Debug|Any CPU.ActiveCfg = Debug|Any CPU
		{C491F611-619B-4387-A02A-AA9AD932DD99}.Debug|Any CPU.Build.0 = Debug|Any CPU
		{C491F611-619B-4387-A02A-AA9AD932DD99}.Debug|x64.ActiveCfg = Debug|Any CPU
		{C491F611-619B-4387-A02A-AA9AD932DD99}.Debug|x64.Build.0 = Debug|Any CPU
		{C491F611-619B-4387-A02A-AA9AD932DD99}.Debug|x86.ActiveCfg = Debug|Any CPU
		{C491F611-619B-4387-A02A-AA9AD932DD99}.Debug|x86.Build.0 = Debug|Any CPU
		{C491F611-619B-4387-A02A-AA9AD932DD99}.Release|Any CPU.ActiveCfg = Release|Any CPU
		{C491F611-619B-4387-A02A-AA9AD932DD99}.Release|Any CPU.Build.0 = Release|Any CPU
		{C491F611-619B-4387-A02A-AA9AD932DD99}.Release|x64.ActiveCfg = Release|Any CPU
		{C491F611-619B-4387-A02A-AA9AD932DD99}.Release|x64.Build.0 = Release|Any CPU
		{C491F611-619B-4387-A02A-AA9AD932DD99}.Release|x86.ActiveCfg = Release|Any CPU
		{C491F611-619B-4387-A02A-AA9AD932DD99}.Release|x86.Build.0 = Release|Any CPU
		{DD5AE0AA-D6D7-4D34-AC10-73BC5B948D0E}.Debug|Any CPU.ActiveCfg = Debug|Any CPU
		{DD5AE0AA-D6D7-4D34-AC10-73BC5B948D0E}.Debug|Any CPU.Build.0 = Debug|Any CPU
		{DD5AE0AA-D6D7-4D34-AC10-73BC5B948D0E}.Debug|x64.ActiveCfg = Debug|Any CPU
		{DD5AE0AA-D6D7-4D34-AC10-73BC5B948D0E}.Debug|x64.Build.0 = Debug|Any CPU
		{DD5AE0AA-D6D7-4D34-AC10-73BC5B948D0E}.Debug|x86.ActiveCfg = Debug|Any CPU
		{DD5AE0AA-D6D7-4D34-AC10-73BC5B948D0E}.Debug|x86.Build.0 = Debug|Any CPU
		{DD5AE0AA-D6D7-4D34-AC10-73BC5B948D0E}.Release|Any CPU.ActiveCfg = Release|Any CPU
		{DD5AE0AA-D6D7-4D34-AC10-73BC5B948D0E}.Release|Any CPU.Build.0 = Release|Any CPU
		{DD5AE0AA-D6D7-4D34-AC10-73BC5B948D0E}.Release|x64.ActiveCfg = Release|Any CPU
		{DD5AE0AA-D6D7-4D34-AC10-73BC5B948D0E}.Release|x64.Build.0 = Release|Any CPU
		{DD5AE0AA-D6D7-4D34-AC10-73BC5B948D0E}.Release|x86.ActiveCfg = Release|Any CPU
		{DD5AE0AA-D6D7-4D34-AC10-73BC5B948D0E}.Release|x86.Build.0 = Release|Any CPU
	EndGlobalSection
	GlobalSection(SolutionProperties) = preSolution
		HideSolutionNode = FALSE
	EndGlobalSection
EndGlobal
